
Microsoft Visual Studio Solution File, Format Version 12.00
# Visual Studio Version 17
VisualStudioVersion = 17.7.34018.315
MinimumVisualStudioVersion = 10.0.40219.1
Project("{FAE04EC0-301F-11D3-BF4B-00C04F79EFBC}") = "Rankings", "Rankings.csproj", "{87B18D2C-131C-4D64-9A03-76EAB3548561}"
EndProject
Project("{FAE04EC0-301F-11D3-BF4B-00C04F79EFBC}") = "Rankings.Facts", "..\Rankings.Facts\Rankings.Facts.csproj", "{31CD7259-9735-4045-B536-E92DCDD2A917}"
EndProject
Global
	GlobalSection(SolutionConfigurationPlatforms) = preSolution
		Debug|Any CPU = Debug|Any CPU
		Release|Any CPU = Release|Any CPU
	EndGlobalSection
	GlobalSection(ProjectConfigurationPlatforms) = postSolution
		{87B18D2C-131C-4D64-9A03-76EAB3548561}.Debug|Any CPU.ActiveCfg = Debug|Any CPU
		{87B18D2C-131C-4D64-9A03-76EAB3548561}.Debug|Any CPU.Build.0 = Debug|Any CPU
		{87B18D2C-131C-4D64-9A03-76EAB3548561}.Release|Any CPU.ActiveCfg = Release|Any CPU
		{87B18D2C-131C-4D64-9A03-76EAB3548561}.Release|Any CPU.Build.0 = Release|Any CPU
		{31CD7259-9735-4045-B536-E92DCDD2A917}.Debug|Any CPU.ActiveCfg = Debug|Any CPU
		{31CD7259-9735-4045-B536-E92DCDD2A917}.Debug|Any CPU.Build.0 = Debug|Any CPU
		{31CD7259-9735-4045-B536-E92DCDD2A917}.Release|Any CPU.ActiveCfg = Release|Any CPU
		{31CD7259-9735-4045-B536-E92DCDD2A917}.Release|Any CPU.Build.0 = Release|Any CPU
	EndGlobalSection
	GlobalSection(SolutionProperties) = preSolution
		HideSolutionNode = FALSE
	EndGlobalSection
	GlobalSection(ExtensibilityGlobals) = postSolution
		SolutionGuid = {1456166F-DE37-46EA-98C1-9CFFDDB13457}
	EndGlobalSection
EndGlobal
